// !$*UTF8*$!
{
	archiveVersion = 1;
	classes = {
	};
	objectVersion = 50;
	objects = {

/* Begin PBXBuildFile section */
		F1198C7F26E13D7C0096A7BB /* AppDelegate.swift in Sources */ = {isa = PBXBuildFile; fileRef = F1198C7E26E13D7C0096A7BB /* AppDelegate.swift */; };
		F1198C8126E13D7C0096A7BB /* SceneDelegate.swift in Sources */ = {isa = PBXBuildFile; fileRef = F1198C8026E13D7C0096A7BB /* SceneDelegate.swift */; };
		F1198C8326E13D7C0096A7BB /* ViewController.swift in Sources */ = {isa = PBXBuildFile; fileRef = F1198C8226E13D7C0096A7BB /* ViewController.swift */; };
		F1198C8626E13D7C0096A7BB /* Main.storyboard in Resources */ = {isa = PBXBuildFile; fileRef = F1198C8426E13D7C0096A7BB /* Main.storyboard */; };
		F1198C8826E13D7D0096A7BB /* Assets.xcassets in Resources */ = {isa = PBXBuildFile; fileRef = F1198C8726E13D7D0096A7BB /* Assets.xcassets */; };
		F1198C8B26E13D7D0096A7BB /* LaunchScreen.storyboard in Resources */ = {isa = PBXBuildFile; fileRef = F1198C8926E13D7D0096A7BB /* LaunchScreen.storyboard */; };
		F1198C9426E13E5A0096A7BB /* ARData.swift in Sources */ = {isa = PBXBuildFile; fileRef = F1198C9326E13E5A0096A7BB /* ARData.swift */; };
		F1198C9726E1420E0096A7BB /* Depth.swift in Sources */ = {isa = PBXBuildFile; fileRef = F1198C9526E1420E0096A7BB /* Depth.swift */; };
		F1198C9826E1420E0096A7BB /* DepthData.swift in Sources */ = {isa = PBXBuildFile; fileRef = F1198C9626E1420E0096A7BB /* DepthData.swift */; };
		F135D50C27121385006D70BA /* ARMeshClassification+Extension.swift in Sources */ = {isa = PBXBuildFile; fileRef = F135D50B27121385006D70BA /* ARMeshClassification+Extension.swift */; };
		F140915126E57A3200336D35 /* DispatchQueue+Extensions.swift in Sources */ = {isa = PBXBuildFile; fileRef = F140915026E57A3200336D35 /* DispatchQueue+Extensions.swift */; };
		F149206626F7AE69002A8EC6 /* ObjectDetectionService.swift in Sources */ = {isa = PBXBuildFile; fileRef = F149206526F7AE69002A8EC6 /* ObjectDetectionService.swift */; };
		F149206926F7AF13002A8EC6 /* YOLOv3Int8LUT.mlmodel in Sources */ = {isa = PBXBuildFile; fileRef = F149206826F7AF13002A8EC6 /* YOLOv3Int8LUT.mlmodel */; };
		F149206C26F7AFD5002A8EC6 /* UIDevice+Extension.swift in Sources */ = {isa = PBXBuildFile; fileRef = F149206B26F7AFD5002A8EC6 /* UIDevice+Extension.swift */; };
		F149206E26F7B190002A8EC6 /* Throttler.swift in Sources */ = {isa = PBXBuildFile; fileRef = F149206D26F7B190002A8EC6 /* Throttler.swift */; };
		F149207026F7B699002A8EC6 /* SCNVector3+Extension.swift in Sources */ = {isa = PBXBuildFile; fileRef = F149206F26F7B699002A8EC6 /* SCNVector3+Extension.swift */; };
		F149207226F7B817002A8EC6 /* BubbleNode.swift in Sources */ = {isa = PBXBuildFile; fileRef = F149207126F7B817002A8EC6 /* BubbleNode.swift */; };
		F15E591D26FFD9F2000AB7C6 /* IndoorObjects.mlmodel in Sources */ = {isa = PBXBuildFile; fileRef = F15E591C26FFD9F2000AB7C6 /* IndoorObjects.mlmodel */; };
		F15E591F270128A2000AB7C6 /* IndoorMeh.mlmodel in Sources */ = {isa = PBXBuildFile; fileRef = F15E591E270128A2000AB7C6 /* IndoorMeh.mlmodel */; };
		F1850B332702918B00E98DBE /* RoundedButton.swift in Sources */ = {isa = PBXBuildFile; fileRef = F1850B322702918B00E98DBE /* RoundedButton.swift */; };
		F1850B352702923500E98DBE /* Scene+Extension.swift in Sources */ = {isa = PBXBuildFile; fileRef = F1850B342702923500E98DBE /* Scene+Extension.swift */; };
		F1850B372702936300E98DBE /* ARMeshGeometry+Extension.swift in Sources */ = {isa = PBXBuildFile; fileRef = F1850B362702936300E98DBE /* ARMeshGeometry+Extension.swift */; };
		F1850B39270293DD00E98DBE /* simd_float4x4+Extension.swift in Sources */ = {isa = PBXBuildFile; fileRef = F1850B38270293DD00E98DBE /* simd_float4x4+Extension.swift */; };
/* End PBXBuildFile section */

/* Begin PBXFileReference section */
		F1198C7B26E13D7C0096A7BB /* lidar-guide.app */ = {isa = PBXFileReference; explicitFileType = wrapper.application; includeInIndex = 0; path = "lidar-guide.app"; sourceTree = BUILT_PRODUCTS_DIR; };
		F1198C7E26E13D7C0096A7BB /* AppDelegate.swift */ = {isa = PBXFileReference; lastKnownFileType = sourcecode.swift; path = AppDelegate.swift; sourceTree = "<group>"; };
		F1198C8026E13D7C0096A7BB /* SceneDelegate.swift */ = {isa = PBXFileReference; lastKnownFileType = sourcecode.swift; path = SceneDelegate.swift; sourceTree = "<group>"; };
		F1198C8226E13D7C0096A7BB /* ViewController.swift */ = {isa = PBXFileReference; lastKnownFileType = sourcecode.swift; path = ViewController.swift; sourceTree = "<group>"; };
		F1198C8526E13D7C0096A7BB /* Base */ = {isa = PBXFileReference; lastKnownFileType = file.storyboard; name = Base; path = Base.lproj/Main.storyboard; sourceTree = "<group>"; };
		F1198C8726E13D7D0096A7BB /* Assets.xcassets */ = {isa = PBXFileReference; lastKnownFileType = folder.assetcatalog; path = Assets.xcassets; sourceTree = "<group>"; };
		F1198C8A26E13D7D0096A7BB /* Base */ = {isa = PBXFileReference; lastKnownFileType = file.storyboard; name = Base; path = Base.lproj/LaunchScreen.storyboard; sourceTree = "<group>"; };
		F1198C8C26E13D7D0096A7BB /* Info.plist */ = {isa = PBXFileReference; lastKnownFileType = text.plist.xml; path = Info.plist; sourceTree = "<group>"; };
		F1198C9326E13E5A0096A7BB /* ARData.swift */ = {isa = PBXFileReference; fileEncoding = 4; lastKnownFileType = sourcecode.swift; path = ARData.swift; sourceTree = "<group>"; };
		F1198C9526E1420E0096A7BB /* Depth.swift */ = {isa = PBXFileReference; fileEncoding = 4; lastKnownFileType = sourcecode.swift; path = Depth.swift; sourceTree = "<group>"; };
		F1198C9626E1420E0096A7BB /* DepthData.swift */ = {isa = PBXFileReference; fileEncoding = 4; lastKnownFileType = sourcecode.swift; path = DepthData.swift; sourceTree = "<group>"; };
		F135D50B27121385006D70BA /* ARMeshClassification+Extension.swift */ = {isa = PBXFileReference; lastKnownFileType = sourcecode.swift; path = "ARMeshClassification+Extension.swift"; sourceTree = "<group>"; };
		F140915026E57A3200336D35 /* DispatchQueue+Extensions.swift */ = {isa = PBXFileReference; lastKnownFileType = sourcecode.swift; path = "DispatchQueue+Extensions.swift"; sourceTree = "<group>"; };
		F149206526F7AE69002A8EC6 /* ObjectDetectionService.swift */ = {isa = PBXFileReference; lastKnownFileType = sourcecode.swift; path = ObjectDetectionService.swift; sourceTree = "<group>"; };
		F149206826F7AF13002A8EC6 /* YOLOv3Int8LUT.mlmodel */ = {isa = PBXFileReference; lastKnownFileType = file.mlmodel; path = YOLOv3Int8LUT.mlmodel; sourceTree = "<group>"; };
		F149206B26F7AFD5002A8EC6 /* UIDevice+Extension.swift */ = {isa = PBXFileReference; lastKnownFileType = sourcecode.swift; path = "UIDevice+Extension.swift"; sourceTree = "<group>"; };
		F149206D26F7B190002A8EC6 /* Throttler.swift */ = {isa = PBXFileReference; lastKnownFileType = sourcecode.swift; path = Throttler.swift; sourceTree = "<group>"; };
		F149206F26F7B699002A8EC6 /* SCNVector3+Extension.swift */ = {isa = PBXFileReference; lastKnownFileType = sourcecode.swift; path = "SCNVector3+Extension.swift"; sourceTree = "<group>"; };
		F149207126F7B817002A8EC6 /* BubbleNode.swift */ = {isa = PBXFileReference; lastKnownFileType = sourcecode.swift; path = BubbleNode.swift; sourceTree = "<group>"; };
		F15E591C26FFD9F2000AB7C6 /* IndoorObjects.mlmodel */ = {isa = PBXFileReference; lastKnownFileType = file.mlmodel; path = IndoorObjects.mlmodel; sourceTree = "<group>"; };
		F15E591E270128A2000AB7C6 /* IndoorMeh.mlmodel */ = {isa = PBXFileReference; lastKnownFileType = file.mlmodel; path = IndoorMeh.mlmodel; sourceTree = "<group>"; };
		F1850B322702918B00E98DBE /* RoundedButton.swift */ = {isa = PBXFileReference; fileEncoding = 4; lastKnownFileType = sourcecode.swift; path = RoundedButton.swift; sourceTree = "<group>"; };
		F1850B342702923500E98DBE /* Scene+Extension.swift */ = {isa = PBXFileReference; lastKnownFileType = sourcecode.swift; path = "Scene+Extension.swift"; sourceTree = "<group>"; };
		F1850B362702936300E98DBE /* ARMeshGeometry+Extension.swift */ = {isa = PBXFileReference; lastKnownFileType = sourcecode.swift; path = "ARMeshGeometry+Extension.swift"; sourceTree = "<group>"; };
		F1850B38270293DD00E98DBE /* simd_float4x4+Extension.swift */ = {isa = PBXFileReference; lastKnownFileType = sourcecode.swift; path = "simd_float4x4+Extension.swift"; sourceTree = "<group>"; };
/* End PBXFileReference section */

/* Begin PBXFrameworksBuildPhase section */
		F1198C7826E13D7C0096A7BB /* Frameworks */ = {
			isa = PBXFrameworksBuildPhase;
			buildActionMask = 2147483647;
			files = (
			);
			runOnlyForDeploymentPostprocessing = 0;
		};
/* End PBXFrameworksBuildPhase section */

/* Begin PBXGroup section */
		F1198C7226E13D7C0096A7BB = {
			isa = PBXGroup;
			children = (
				F140915026E57A3200336D35 /* DispatchQueue+Extensions.swift */,
				F1198C7D26E13D7C0096A7BB /* lidar-guide */,
				F1198C7C26E13D7C0096A7BB /* Products */,
			);
			sourceTree = "<group>";
		};
		F1198C7C26E13D7C0096A7BB /* Products */ = {
			isa = PBXGroup;
			children = (
				F1198C7B26E13D7C0096A7BB /* lidar-guide.app */,
			);
			name = Products;
			sourceTree = "<group>";
		};
		F1198C7D26E13D7C0096A7BB /* lidar-guide */ = {
			isa = PBXGroup;
			children = (
				F1198C8C26E13D7D0096A7BB /* Info.plist */,
				F149206726F7AEAD002A8EC6 /* Controller */,
				F149206426F7ADCF002A8EC6 /* App */,
				F149206326F7ADA3002A8EC6 /* Service */,
				F149206A26F7AFB5002A8EC6 /* Extension */,
				F1198C9226E13DDC0096A7BB /* LidarDepth */,
			);
			path = "lidar-guide";
			sourceTree = "<group>";
		};
		F1198C9226E13DDC0096A7BB /* LidarDepth */ = {
			isa = PBXGroup;
			children = (
				F1198C9526E1420E0096A7BB /* Depth.swift */,
				F1198C9626E1420E0096A7BB /* DepthData.swift */,
				F1198C9326E13E5A0096A7BB /* ARData.swift */,
			);
			path = LidarDepth;
			sourceTree = "<group>";
		};
		F149206326F7ADA3002A8EC6 /* Service */ = {
			isa = PBXGroup;
			children = (
				F149206526F7AE69002A8EC6 /* ObjectDetectionService.swift */,
				F149206D26F7B190002A8EC6 /* Throttler.swift */,
			);
			path = Service;
			sourceTree = "<group>";
		};
		F149206426F7ADCF002A8EC6 /* App */ = {
			isa = PBXGroup;
			children = (
				F1198C7E26E13D7C0096A7BB /* AppDelegate.swift */,
				F1198C8926E13D7D0096A7BB /* LaunchScreen.storyboard */,
				F1198C8726E13D7D0096A7BB /* Assets.xcassets */,
			);
			path = App;
			sourceTree = "<group>";
		};
		F149206726F7AEAD002A8EC6 /* Controller */ = {
			isa = PBXGroup;
			children = (
				F1850B322702918B00E98DBE /* RoundedButton.swift */,
				F15E591E270128A2000AB7C6 /* IndoorMeh.mlmodel */,
				F15E591C26FFD9F2000AB7C6 /* IndoorObjects.mlmodel */,
				F1198C8426E13D7C0096A7BB /* Main.storyboard */,
				F149206826F7AF13002A8EC6 /* YOLOv3Int8LUT.mlmodel */,
				F1198C8226E13D7C0096A7BB /* ViewController.swift */,
				F1198C8026E13D7C0096A7BB /* SceneDelegate.swift */,
				F149207126F7B817002A8EC6 /* BubbleNode.swift */,
			);
			path = Controller;
			sourceTree = "<group>";
		};
		F149206A26F7AFB5002A8EC6 /* Extension */ = {
			isa = PBXGroup;
			children = (
				F149206B26F7AFD5002A8EC6 /* UIDevice+Extension.swift */,
				F149206F26F7B699002A8EC6 /* SCNVector3+Extension.swift */,
				F1850B342702923500E98DBE /* Scene+Extension.swift */,
				F1850B362702936300E98DBE /* ARMeshGeometry+Extension.swift */,
				F1850B38270293DD00E98DBE /* simd_float4x4+Extension.swift */,
				F135D50B27121385006D70BA /* ARMeshClassification+Extension.swift */,
			);
			path = Extension;
			sourceTree = "<group>";
		};
/* End PBXGroup section */

/* Begin PBXNativeTarget section */
		F1198C7A26E13D7C0096A7BB /* lidar-guide */ = {
			isa = PBXNativeTarget;
			buildConfigurationList = F1198C8F26E13D7D0096A7BB /* Build configuration list for PBXNativeTarget "lidar-guide" */;
			buildPhases = (
				F1198C7726E13D7C0096A7BB /* Sources */,
				F1198C7826E13D7C0096A7BB /* Frameworks */,
				F1198C7926E13D7C0096A7BB /* Resources */,
			);
			buildRules = (
			);
			dependencies = (
			);
			name = "lidar-guide";
			productName = "lidar-guide";
			productReference = F1198C7B26E13D7C0096A7BB /* lidar-guide.app */;
			productType = "com.apple.product-type.application";
		};
/* End PBXNativeTarget section */

/* Begin PBXProject section */
		F1198C7326E13D7C0096A7BB /* Project object */ = {
			isa = PBXProject;
			attributes = {
				LastSwiftUpdateCheck = 1250;
				LastUpgradeCheck = 1250;
				TargetAttributes = {
					F1198C7A26E13D7C0096A7BB = {
						CreatedOnToolsVersion = 12.5.1;
					};
				};
			};
			buildConfigurationList = F1198C7626E13D7C0096A7BB /* Build configuration list for PBXProject "lidar-guide" */;
			compatibilityVersion = "Xcode 9.3";
			developmentRegion = en;
			hasScannedForEncodings = 0;
			knownRegions = (
				en,
				Base,
			);
			mainGroup = F1198C7226E13D7C0096A7BB;
			productRefGroup = F1198C7C26E13D7C0096A7BB /* Products */;
			projectDirPath = "";
			projectRoot = "";
			targets = (
				F1198C7A26E13D7C0096A7BB /* lidar-guide */,
			);
		};
/* End PBXProject section */

/* Begin PBXResourcesBuildPhase section */
		F1198C7926E13D7C0096A7BB /* Resources */ = {
			isa = PBXResourcesBuildPhase;
			buildActionMask = 2147483647;
			files = (
				F1198C8B26E13D7D0096A7BB /* LaunchScreen.storyboard in Resources */,
				F1198C8826E13D7D0096A7BB /* Assets.xcassets in Resources */,
				F1198C8626E13D7C0096A7BB /* Main.storyboard in Resources */,
			);
			runOnlyForDeploymentPostprocessing = 0;
		};
/* End PBXResourcesBuildPhase section */

/* Begin PBXSourcesBuildPhase section */
		F1198C7726E13D7C0096A7BB /* Sources */ = {
			isa = PBXSourcesBuildPhase;
			buildActionMask = 2147483647;
			files = (
				F149206926F7AF13002A8EC6 /* YOLOv3Int8LUT.mlmodel in Sources */,
				F1198C9426E13E5A0096A7BB /* ARData.swift in Sources */,
				F1198C9826E1420E0096A7BB /* DepthData.swift in Sources */,
				F149207026F7B699002A8EC6 /* SCNVector3+Extension.swift in Sources */,
				F15E591D26FFD9F2000AB7C6 /* IndoorObjects.mlmodel in Sources */,
				F149206C26F7AFD5002A8EC6 /* UIDevice+Extension.swift in Sources */,
				F15E591F270128A2000AB7C6 /* IndoorMeh.mlmodel in Sources */,
				F1850B372702936300E98DBE /* ARMeshGeometry+Extension.swift in Sources */,
				F140915126E57A3200336D35 /* DispatchQueue+Extensions.swift in Sources */,
				F1198C8326E13D7C0096A7BB /* ViewController.swift in Sources */,
				F1198C7F26E13D7C0096A7BB /* AppDelegate.swift in Sources */,
				F135D50C27121385006D70BA /* ARMeshClassification+Extension.swift in Sources */,
				F149206E26F7B190002A8EC6 /* Throttler.swift in Sources */,
				F1850B332702918B00E98DBE /* RoundedButton.swift in Sources */,
				F1850B39270293DD00E98DBE /* simd_float4x4+Extension.swift in Sources */,
				F1850B352702923500E98DBE /* Scene+Extension.swift in Sources */,
				F149207226F7B817002A8EC6 /* BubbleNode.swift in Sources */,
				F1198C8126E13D7C0096A7BB /* SceneDelegate.swift in Sources */,
				F149206626F7AE69002A8EC6 /* ObjectDetectionService.swift in Sources */,
				F1198C9726E1420E0096A7BB /* Depth.swift in Sources */,
			);
			runOnlyForDeploymentPostprocessing = 0;
		};
/* End PBXSourcesBuildPhase section */

/* Begin PBXVariantGroup section */
		F1198C8426E13D7C0096A7BB /* Main.storyboard */ = {
			isa = PBXVariantGroup;
			children = (
				F1198C8526E13D7C0096A7BB /* Base */,
			);
			name = Main.storyboard;
			sourceTree = "<group>";
		};
		F1198C8926E13D7D0096A7BB /* LaunchScreen.storyboard */ = {
			isa = PBXVariantGroup;
			children = (
				F1198C8A26E13D7D0096A7BB /* Base */,
			);
			name = LaunchScreen.storyboard;
			sourceTree = "<group>";
		};
/* End PBXVariantGroup section */

/* Begin XCBuildConfiguration section */
		F1198C8D26E13D7D0096A7BB /* Debug */ = {
			isa = XCBuildConfiguration;
			buildSettings = {
				ALWAYS_SEARCH_USER_PATHS = NO;
				CLANG_ANALYZER_NONNULL = YES;
				CLANG_ANALYZER_NUMBER_OBJECT_CONVERSION = YES_AGGRESSIVE;
				CLANG_CXX_LANGUAGE_STANDARD = "gnu++14";
				CLANG_CXX_LIBRARY = "libc++";
				CLANG_ENABLE_MODULES = YES;
				CLANG_ENABLE_OBJC_ARC = YES;
				CLANG_ENABLE_OBJC_WEAK = YES;
				CLANG_WARN_BLOCK_CAPTURE_AUTORELEASING = YES;
				CLANG_WARN_BOOL_CONVERSION = YES;
				CLANG_WARN_COMMA = YES;
				CLANG_WARN_CONSTANT_CONVERSION = YES;
				CLANG_WARN_DEPRECATED_OBJC_IMPLEMENTATIONS = YES;
				CLANG_WARN_DIRECT_OBJC_ISA_USAGE = YES_ERROR;
				CLANG_WARN_DOCUMENTATION_COMMENTS = YES;
				CLANG_WARN_EMPTY_BODY = YES;
				CLANG_WARN_ENUM_CONVERSION = YES;
				CLANG_WARN_INFINITE_RECURSION = YES;
				CLANG_WARN_INT_CONVERSION = YES;
				CLANG_WARN_NON_LITERAL_NULL_CONVERSION = YES;
				CLANG_WARN_OBJC_IMPLICIT_RETAIN_SELF = YES;
				CLANG_WARN_OBJC_LITERAL_CONVERSION = YES;
				CLANG_WARN_OBJC_ROOT_CLASS = YES_ERROR;
				CLANG_WARN_QUOTED_INCLUDE_IN_FRAMEWORK_HEADER = YES;
				CLANG_WARN_RANGE_LOOP_ANALYSIS = YES;
				CLANG_WARN_STRICT_PROTOTYPES = YES;
				CLANG_WARN_SUSPICIOUS_MOVE = YES;
				CLANG_WARN_UNGUARDED_AVAILABILITY = YES_AGGRESSIVE;
				CLANG_WARN_UNREACHABLE_CODE = YES;
				CLANG_WARN__DUPLICATE_METHOD_MATCH = YES;
				COPY_PHASE_STRIP = NO;
				DEBUG_INFORMATION_FORMAT = dwarf;
				ENABLE_STRICT_OBJC_MSGSEND = YES;
				ENABLE_TESTABILITY = YES;
				GCC_C_LANGUAGE_STANDARD = gnu11;
				GCC_DYNAMIC_NO_PIC = NO;
				GCC_NO_COMMON_BLOCKS = YES;
				GCC_OPTIMIZATION_LEVEL = 0;
				GCC_PREPROCESSOR_DEFINITIONS = (
					"DEBUG=1",
					"$(inherited)",
				);
				GCC_WARN_64_TO_32_BIT_CONVERSION = YES;
				GCC_WARN_ABOUT_RETURN_TYPE = YES_ERROR;
				GCC_WARN_UNDECLARED_SELECTOR = YES;
				GCC_WARN_UNINITIALIZED_AUTOS = YES_AGGRESSIVE;
				GCC_WARN_UNUSED_FUNCTION = YES;
				GCC_WARN_UNUSED_VARIABLE = YES;
				IPHONEOS_DEPLOYMENT_TARGET = 14.5;
				MTL_ENABLE_DEBUG_INFO = INCLUDE_SOURCE;
				MTL_FAST_MATH = YES;
				ONLY_ACTIVE_ARCH = YES;
				SDKROOT = iphoneos;
				SWIFT_ACTIVE_COMPILATION_CONDITIONS = DEBUG;
				SWIFT_OPTIMIZATION_LEVEL = "-Onone";
			};
			name = Debug;
		};
		F1198C8E26E13D7D0096A7BB /* Release */ = {
			isa = XCBuildConfiguration;
			buildSettings = {
				ALWAYS_SEARCH_USER_PATHS = NO;
				CLANG_ANALYZER_NONNULL = YES;
				CLANG_ANALYZER_NUMBER_OBJECT_CONVERSION = YES_AGGRESSIVE;
				CLANG_CXX_LANGUAGE_STANDARD = "gnu++14";
				CLANG_CXX_LIBRARY = "libc++";
				CLANG_ENABLE_MODULES = YES;
				CLANG_ENABLE_OBJC_ARC = YES;
				CLANG_ENABLE_OBJC_WEAK = YES;
				CLANG_WARN_BLOCK_CAPTURE_AUTORELEASING = YES;
				CLANG_WARN_BOOL_CONVERSION = YES;
				CLANG_WARN_COMMA = YES;
				CLANG_WARN_CONSTANT_CONVERSION = YES;
				CLANG_WARN_DEPRECATED_OBJC_IMPLEMENTATIONS = YES;
				CLANG_WARN_DIRECT_OBJC_ISA_USAGE = YES_ERROR;
				CLANG_WARN_DOCUMENTATION_COMMENTS = YES;
				CLANG_WARN_EMPTY_BODY = YES;
				CLANG_WARN_ENUM_CONVERSION = YES;
				CLANG_WARN_INFINITE_RECURSION = YES;
				CLANG_WARN_INT_CONVERSION = YES;
				CLANG_WARN_NON_LITERAL_NULL_CONVERSION = YES;
				CLANG_WARN_OBJC_IMPLICIT_RETAIN_SELF = YES;
				CLANG_WARN_OBJC_LITERAL_CONVERSION = YES;
				CLANG_WARN_OBJC_ROOT_CLASS = YES_ERROR;
				CLANG_WARN_QUOTED_INCLUDE_IN_FRAMEWORK_HEADER = YES;
				CLANG_WARN_RANGE_LOOP_ANALYSIS = YES;
				CLANG_WARN_STRICT_PROTOTYPES = YES;
				CLANG_WARN_SUSPICIOUS_MOVE = YES;
				CLANG_WARN_UNGUARDED_AVAILABILITY = YES_AGGRESSIVE;
				CLANG_WARN_UNREACHABLE_CODE = YES;
				CLANG_WARN__DUPLICATE_METHOD_MATCH = YES;
				COPY_PHASE_STRIP = NO;
				DEBUG_INFORMATION_FORMAT = "dwarf-with-dsym";
				ENABLE_NS_ASSERTIONS = NO;
				ENABLE_STRICT_OBJC_MSGSEND = YES;
				GCC_C_LANGUAGE_STANDARD = gnu11;
				GCC_NO_COMMON_BLOCKS = YES;
				GCC_WARN_64_TO_32_BIT_CONVERSION = YES;
				GCC_WARN_ABOUT_RETURN_TYPE = YES_ERROR;
				GCC_WARN_UNDECLARED_SELECTOR = YES;
				GCC_WARN_UNINITIALIZED_AUTOS = YES_AGGRESSIVE;
				GCC_WARN_UNUSED_FUNCTION = YES;
				GCC_WARN_UNUSED_VARIABLE = YES;
				IPHONEOS_DEPLOYMENT_TARGET = 14.5;
				MTL_ENABLE_DEBUG_INFO = NO;
				MTL_FAST_MATH = YES;
				SDKROOT = iphoneos;
				SWIFT_COMPILATION_MODE = wholemodule;
				SWIFT_OPTIMIZATION_LEVEL = "-O";
				VALIDATE_PRODUCT = YES;
			};
			name = Release;
		};
		F1198C9026E13D7D0096A7BB /* Debug */ = {
			isa = XCBuildConfiguration;
			buildSettings = {
				ASSETCATALOG_COMPILER_APPICON_NAME = AppIcon;
				ASSETCATALOG_COMPILER_GLOBAL_ACCENT_COLOR_NAME = AccentColor;
				CODE_SIGN_STYLE = Automatic;
				DEVELOPMENT_TEAM = 9PM8728QYZ;
				INFOPLIST_FILE = "lidar-guide/Info.plist";
				LD_RUNPATH_SEARCH_PATHS = (
					"$(inherited)",
					"@executable_path/Frameworks",
				);
				PRODUCT_BUNDLE_IDENTIFIER = "com.bhborba.lidar-guide";
				PRODUCT_NAME = "$(TARGET_NAME)";
				SWIFT_VERSION = 5.0;
				TARGETED_DEVICE_FAMILY = "1,2";
			};
			name = Debug;
		};
		F1198C9126E13D7D0096A7BB /* Release */ = {
			isa = XCBuildConfiguration;
			buildSettings = {
				ASSETCATALOG_COMPILER_APPICON_NAME = AppIcon;
				ASSETCATALOG_COMPILER_GLOBAL_ACCENT_COLOR_NAME = AccentColor;
				CODE_SIGN_STYLE = Automatic;
				DEVELOPMENT_TEAM = 9PM8728QYZ;
				INFOPLIST_FILE = "lidar-guide/Info.plist";
				LD_RUNPATH_SEARCH_PATHS = (
					"$(inherited)",
					"@executable_path/Frameworks",
				);
				PRODUCT_BUNDLE_IDENTIFIER = "com.bhborba.lidar-guide";
				PRODUCT_NAME = "$(TARGET_NAME)";
				SWIFT_VERSION = 5.0;
				TARGETED_DEVICE_FAMILY = "1,2";
			};
			name = Release;
		};
/* End XCBuildConfiguration section */

/* Begin XCConfigurationList section */
		F1198C7626E13D7C0096A7BB /* Build configuration list for PBXProject "lidar-guide" */ = {
			isa = XCConfigurationList;
			buildConfigurations = (
				F1198C8D26E13D7D0096A7BB /* Debug */,
				F1198C8E26E13D7D0096A7BB /* Release */,
			);
			defaultConfigurationIsVisible = 0;
			defaultConfigurationName = Release;
		};
		F1198C8F26E13D7D0096A7BB /* Build configuration list for PBXNativeTarget "lidar-guide" */ = {
			isa = XCConfigurationList;
			buildConfigurations = (
				F1198C9026E13D7D0096A7BB /* Debug */,
				F1198C9126E13D7D0096A7BB /* Release */,
			);
			defaultConfigurationIsVisible = 0;
			defaultConfigurationName = Release;
		};
/* End XCConfigurationList section */
	};
	rootObject = F1198C7326E13D7C0096A7BB /* Project object */;
}
